
Microsoft Visual Studio Solution File, Format Version 12.00
# Visual Studio Version 16
VisualStudioVersion = 16.0.29728.190
MinimumVisualStudioVersion = 10.0.40219.1
Project("{9A19103F-16F7-4668-BE54-9A1E7A4F7556}") = "NetCoreProtobuf.ConsoleApp.SimpleSerialization", "NetCoreProtobuf.ConsoleApp.SimpleSerialization\NetCoreProtobuf.ConsoleApp.SimpleSerialization.csproj", "{958F5B90-1E86-4844-85B3-240EFE10E9B6}"
EndProject
Project("{9A19103F-16F7-4668-BE54-9A1E7A4F7556}") = "NetCoreProtobuf.Proto", "NetCoreProtobuf.Proto\NetCoreProtobuf.Proto.csproj", "{4ED60F13-9B12-459F-8012-1DB8181E717A}"
EndProject
Project("{9A19103F-16F7-4668-BE54-9A1E7A4F7556}") = "NetCoreProtobuf.Proto.Tests", "NetCoreProtobuf.Proto.Tests\NetCoreProtobuf.Proto.Tests.csproj", "{A3FB268F-B170-40F3-B7E5-EC0EE5A8E7C0}"
EndProject
Global
	GlobalSection(SolutionConfigurationPlatforms) = preSolution
		Debug|Any CPU = Debug|Any CPU
		Release|Any CPU = Release|Any CPU
	EndGlobalSection
	GlobalSection(ProjectConfigurationPlatforms) = postSolution
		{958F5B90-1E86-4844-85B3-240EFE10E9B6}.Debug|Any CPU.ActiveCfg = Debug|Any CPU
		{958F5B90-1E86-4844-85B3-240EFE10E9B6}.Debug|Any CPU.Build.0 = Debug|Any CPU
		{958F5B90-1E86-4844-85B3-240EFE10E9B6}.Release|Any CPU.ActiveCfg = Release|Any CPU
		{958F5B90-1E86-4844-85B3-240EFE10E9B6}.Release|Any CPU.Build.0 = Release|Any CPU
		{4ED60F13-9B12-459F-8012-1DB8181E717A}.Debug|Any CPU.ActiveCfg = Debug|Any CPU
		{4ED60F13-9B12-459F-8012-1DB8181E717A}.Debug|Any CPU.Build.0 = Debug|Any CPU
		{4ED60F13-9B12-459F-8012-1DB8181E717A}.Release|Any CPU.ActiveCfg = Release|Any CPU
		{4ED60F13-9B12-459F-8012-1DB8181E717A}.Release|Any CPU.Build.0 = Release|Any CPU
		{A3FB268F-B170-40F3-B7E5-EC0EE5A8E7C0}.Debug|Any CPU.ActiveCfg = Debug|Any CPU
		{A3FB268F-B170-40F3-B7E5-EC0EE5A8E7C0}.Debug|Any CPU.Build.0 = Debug|Any CPU
		{A3FB268F-B170-40F3-B7E5-EC0EE5A8E7C0}.Release|Any CPU.ActiveCfg = Release|Any CPU
		{A3FB268F-B170-40F3-B7E5-EC0EE5A8E7C0}.Release|Any CPU.Build.0 = Release|Any CPU
	EndGlobalSection
	GlobalSection(SolutionProperties) = preSolution
		HideSolutionNode = FALSE
	EndGlobalSection
	GlobalSection(ExtensibilityGlobals) = postSolution
		SolutionGuid = {FF5409AB-9DF6-4A3B-B60E-3F1C2E80BB84}
	EndGlobalSection
EndGlobal
